// !$*UTF8*$!
{
	archiveVersion = 1;
	classes = {
	};
	objectVersion = 56;
	objects = {

/* Begin PBXBuildFile section */
		25B3F70129A4BA1000290FCB /* AppDelegate.swift in Sources */ = {isa = PBXBuildFile; fileRef = 25B3F70029A4BA1000290FCB /* AppDelegate.swift */; };
		25B3F70329A4BA1000290FCB /* SceneDelegate.swift in Sources */ = {isa = PBXBuildFile; fileRef = 25B3F70229A4BA1000290FCB /* SceneDelegate.swift */; };
		25B3F70529A4BA1000290FCB /* ViewController.swift in Sources */ = {isa = PBXBuildFile; fileRef = 25B3F70429A4BA1000290FCB /* ViewController.swift */; };
		25B3F70829A4BA1000290FCB /* Main.storyboard in Resources */ = {isa = PBXBuildFile; fileRef = 25B3F70629A4BA1000290FCB /* Main.storyboard */; };
		25B3F70A29A4BA1100290FCB /* Assets.xcassets in Resources */ = {isa = PBXBuildFile; fileRef = 25B3F70929A4BA1100290FCB /* Assets.xcassets */; };
		25B3F70D29A4BA1100290FCB /* LaunchScreen.storyboard in Resources */ = {isa = PBXBuildFile; fileRef = 25B3F70B29A4BA1100290FCB /* LaunchScreen.storyboard */; };
		25B3F71829A4BA1200290FCB /* H_Swift_ProjectTests.swift in Sources */ = {isa = PBXBuildFile; fileRef = 25B3F71729A4BA1200290FCB /* H_Swift_ProjectTests.swift */; };
		25B3F72229A4BA1200290FCB /* H_Swift_ProjectUITests.swift in Sources */ = {isa = PBXBuildFile; fileRef = 25B3F72129A4BA1200290FCB /* H_Swift_ProjectUITests.swift */; };
		25B3F72429A4BA1200290FCB /* H_Swift_ProjectUITestsLaunchTests.swift in Sources */ = {isa = PBXBuildFile; fileRef = 25B3F72329A4BA1200290FCB /* H_Swift_ProjectUITestsLaunchTests.swift */; };
/* End PBXBuildFile section */

/* Begin PBXContainerItemProxy section */
		25B3F71429A4BA1200290FCB /* PBXContainerItemProxy */ = {
			isa = PBXContainerItemProxy;
			containerPortal = 25B3F6F529A4BA1000290FCB /* Project object */;
			proxyType = 1;
			remoteGlobalIDString = 25B3F6FC29A4BA1000290FCB;
			remoteInfo = H_Swift_Project;
		};
		25B3F71E29A4BA1200290FCB /* PBXContainerItemProxy */ = {
			isa = PBXContainerItemProxy;
			containerPortal = 25B3F6F529A4BA1000290FCB /* Project object */;
			proxyType = 1;
			remoteGlobalIDString = 25B3F6FC29A4BA1000290FCB;
			remoteInfo = H_Swift_Project;
		};
/* End PBXContainerItemProxy section */

/* Begin PBXFileReference section */
		25B3F6FD29A4BA1000290FCB /* H_Swift_Project.app */ = {isa = PBXFileReference; explicitFileType = wrapper.application; includeInIndex = 0; path = H_Swift_Project.app; sourceTree = BUILT_PRODUCTS_DIR; };
		25B3F70029A4BA1000290FCB /* AppDelegate.swift */ = {isa = PBXFileReference; lastKnownFileType = sourcecode.swift; path = AppDelegate.swift; sourceTree = "<group>"; };
		25B3F70229A4BA1000290FCB /* SceneDelegate.swift */ = {isa = PBXFileReference; lastKnownFileType = sourcecode.swift; path = SceneDelegate.swift; sourceTree = "<group>"; };
		25B3F70429A4BA1000290FCB /* ViewController.swift */ = {isa = PBXFileReference; lastKnownFileType = sourcecode.swift; path = ViewController.swift; sourceTree = "<group>"; };
		25B3F70729A4BA1000290FCB /* Base */ = {isa = PBXFileReference; lastKnownFileType = file.storyboard; name = Base; path = Base.lproj/Main.storyboard; sourceTree = "<group>"; };
		25B3F70929A4BA1100290FCB /* Assets.xcassets */ = {isa = PBXFileReference; lastKnownFileType = folder.assetcatalog; path = Assets.xcassets; sourceTree = "<group>"; };
		25B3F70C29A4BA1100290FCB /* Base */ = {isa = PBXFileReference; lastKnownFileType = file.storyboard; name = Base; path = Base.lproj/LaunchScreen.storyboard; sourceTree = "<group>"; };
		25B3F70E29A4BA1100290FCB /* Info.plist */ = {isa = PBXFileReference; lastKnownFileType = text.plist.xml; path = Info.plist; sourceTree = "<group>"; };
		25B3F71329A4BA1200290FCB /* H_Swift_ProjectTests.xctest */ = {isa = PBXFileReference; explicitFileType = wrapper.cfbundle; includeInIndex = 0; path = H_Swift_ProjectTests.xctest; sourceTree = BUILT_PRODUCTS_DIR; };
		25B3F71729A4BA1200290FCB /* H_Swift_ProjectTests.swift */ = {isa = PBXFileReference; lastKnownFileType = sourcecode.swift; path = H_Swift_ProjectTests.swift; sourceTree = "<group>"; };
		25B3F71D29A4BA1200290FCB /* H_Swift_ProjectUITests.xctest */ = {isa = PBXFileReference; explicitFileType = wrapper.cfbundle; includeInIndex = 0; path = H_Swift_ProjectUITests.xctest; sourceTree = BUILT_PRODUCTS_DIR; };
		25B3F72129A4BA1200290FCB /* H_Swift_ProjectUITests.swift */ = {isa = PBXFileReference; lastKnownFileType = sourcecode.swift; path = H_Swift_ProjectUITests.swift; sourceTree = "<group>"; };
		25B3F72329A4BA1200290FCB /* H_Swift_ProjectUITestsLaunchTests.swift */ = {isa = PBXFileReference; lastKnownFileType = sourcecode.swift; path = H_Swift_ProjectUITestsLaunchTests.swift; sourceTree = "<group>"; };
/* End PBXFileReference section */

/* Begin PBXFrameworksBuildPhase section */
		25B3F6FA29A4BA1000290FCB /* Frameworks */ = {
			isa = PBXFrameworksBuildPhase;
			buildActionMask = 2147483647;
			files = (
			);
			runOnlyForDeploymentPostprocessing = 0;
		};
		25B3F71029A4BA1200290FCB /* Frameworks */ = {
			isa = PBXFrameworksBuildPhase;
			buildActionMask = 2147483647;
			files = (
			);
			runOnlyForDeploymentPostprocessing = 0;
		};
		25B3F71A29A4BA1200290FCB /* Frameworks */ = {
			isa = PBXFrameworksBuildPhase;
			buildActionMask = 2147483647;
			files = (
			);
			runOnlyForDeploymentPostprocessing = 0;
		};
/* End PBXFrameworksBuildPhase section */

/* Begin PBXGroup section */
		25B3F6F429A4BA1000290FCB = {
			isa = PBXGroup;
			children = (
				25B3F6FF29A4BA1000290FCB /* H_Swift_Project */,
				25B3F71629A4BA1200290FCB /* H_Swift_ProjectTests */,
				25B3F72029A4BA1200290FCB /* H_Swift_ProjectUITests */,
				25B3F6FE29A4BA1000290FCB /* Products */,
			);
			sourceTree = "<group>";
		};
		25B3F6FE29A4BA1000290FCB /* Products */ = {
			isa = PBXGroup;
			children = (
				25B3F6FD29A4BA1000290FCB /* H_Swift_Project.app */,
				25B3F71329A4BA1200290FCB /* H_Swift_ProjectTests.xctest */,
				25B3F71D29A4BA1200290FCB /* H_Swift_ProjectUITests.xctest */,
			);
			name = Products;
			sourceTree = "<group>";
		};
		25B3F6FF29A4BA1000290FCB /* H_Swift_Project */ = {
			isa = PBXGroup;
			children = (
				25B3F70029A4BA1000290FCB /* AppDelegate.swift */,
				25B3F70229A4BA1000290FCB /* SceneDelegate.swift */,
				25B3F70429A4BA1000290FCB /* ViewController.swift */,
				25B3F70629A4BA1000290FCB /* Main.storyboard */,
				25B3F70929A4BA1100290FCB /* Assets.xcassets */,
				25B3F70B29A4BA1100290FCB /* LaunchScreen.storyboard */,
				25B3F70E29A4BA1100290FCB /* Info.plist */,
			);
			path = H_Swift_Project;
			sourceTree = "<group>";
		};
		25B3F71629A4BA1200290FCB /* H_Swift_ProjectTests */ = {
			isa = PBXGroup;
			children = (
				25B3F71729A4BA1200290FCB /* H_Swift_ProjectTests.swift */,
			);
			path = H_Swift_ProjectTests;
			sourceTree = "<group>";
		};
		25B3F72029A4BA1200290FCB /* H_Swift_ProjectUITests */ = {
			isa = PBXGroup;
			children = (
				25B3F72129A4BA1200290FCB /* H_Swift_ProjectUITests.swift */,
				25B3F72329A4BA1200290FCB /* H_Swift_ProjectUITestsLaunchTests.swift */,
			);
			path = H_Swift_ProjectUITests;
			sourceTree = "<group>";
		};
/* End PBXGroup section */

/* Begin PBXNativeTarget section */
		25B3F6FC29A4BA1000290FCB /* H_Swift_Project */ = {
			isa = PBXNativeTarget;
			buildConfigurationList = 25B3F72729A4BA1200290FCB /* Build configuration list for PBXNativeTarget "H_Swift_Project" */;
			buildPhases = (
				25B3F6F929A4BA1000290FCB /* Sources */,
				25B3F6FA29A4BA1000290FCB /* Frameworks */,
				25B3F6FB29A4BA1000290FCB /* Resources */,
			);
			buildRules = (
			);
			dependencies = (
			);
			name = H_Swift_Project;
			productName = H_Swift_Project;
			productReference = 25B3F6FD29A4BA1000290FCB /* H_Swift_Project.app */;
			productType = "com.apple.product-type.application";
		};
		25B3F71229A4BA1200290FCB /* H_Swift_ProjectTests */ = {
			isa = PBXNativeTarget;
			buildConfigurationList = 25B3F72A29A4BA1200290FCB /* Build configuration list for PBXNativeTarget "H_Swift_ProjectTests" */;
			buildPhases = (
				25B3F70F29A4BA1200290FCB /* Sources */,
				25B3F71029A4BA1200290FCB /* Frameworks */,
				25B3F71129A4BA1200290FCB /* Resources */,
			);
			buildRules = (
			);
			dependencies = (
				25B3F71529A4BA1200290FCB /* PBXTargetDependency */,
			);
			name = H_Swift_ProjectTests;
			productName = H_Swift_ProjectTests;
			productReference = 25B3F71329A4BA1200290FCB /* H_Swift_ProjectTests.xctest */;
			productType = "com.apple.product-type.bundle.unit-test";
		};
		25B3F71C29A4BA1200290FCB /* H_Swift_ProjectUITests */ = {
			isa = PBXNativeTarget;
			buildConfigurationList = 25B3F72D29A4BA1200290FCB /* Build configuration list for PBXNativeTarget "H_Swift_ProjectUITests" */;
			buildPhases = (
				25B3F71929A4BA1200290FCB /* Sources */,
				25B3F71A29A4BA1200290FCB /* Frameworks */,
				25B3F71B29A4BA1200290FCB /* Resources */,
			);
			buildRules = (
			);
			dependencies = (
				25B3F71F29A4BA1200290FCB /* PBXTargetDependency */,
			);
			name = H_Swift_ProjectUITests;
			productName = H_Swift_ProjectUITests;
			productReference = 25B3F71D29A4BA1200290FCB /* H_Swift_ProjectUITests.xctest */;
			productType = "com.apple.product-type.bundle.ui-testing";
		};
/* End PBXNativeTarget section */

/* Begin PBXProject section */
		25B3F6F529A4BA1000290FCB /* Project object */ = {
			isa = PBXProject;
			attributes = {
				BuildIndependentTargetsInParallel = 1;
				LastSwiftUpdateCheck = 1410;
				LastUpgradeCheck = 1410;
				TargetAttributes = {
					25B3F6FC29A4BA1000290FCB = {
						CreatedOnToolsVersion = 14.1;
					};
					25B3F71229A4BA1200290FCB = {
						CreatedOnToolsVersion = 14.1;
						TestTargetID = 25B3F6FC29A4BA1000290FCB;
					};
					25B3F71C29A4BA1200290FCB = {
						CreatedOnToolsVersion = 14.1;
						TestTargetID = 25B3F6FC29A4BA1000290FCB;
					};
				};
			};
			buildConfigurationList = 25B3F6F829A4BA1000290FCB /* Build configuration list for PBXProject "H_Swift_Project" */;
			compatibilityVersion = "Xcode 14.0";
			developmentRegion = en;
			hasScannedForEncodings = 0;
			knownRegions = (
				en,
				Base,
			);
			mainGroup = 25B3F6F429A4BA1000290FCB;
			productRefGroup = 25B3F6FE29A4BA1000290FCB /* Products */;
			projectDirPath = "";
			projectRoot = "";
			targets = (
				25B3F6FC29A4BA1000290FCB /* H_Swift_Project */,
				25B3F71229A4BA1200290FCB /* H_Swift_ProjectTests */,
				25B3F71C29A4BA1200290FCB /* H_Swift_ProjectUITests */,
			);
		};
/* End PBXProject section */

/* Begin PBXResourcesBuildPhase section */
		25B3F6FB29A4BA1000290FCB /* Resources */ = {
			isa = PBXResourcesBuildPhase;
			buildActionMask = 2147483647;
			files = (
				25B3F70D29A4BA1100290FCB /* LaunchScreen.storyboard in Resources */,
				25B3F70A29A4BA1100290FCB /* Assets.xcassets in Resources */,
				25B3F70829A4BA1000290FCB /* Main.storyboard in Resources */,
			);
			runOnlyForDeploymentPostprocessing = 0;
		};
		25B3F71129A4BA1200290FCB /* Resources */ = {
			isa = PBXResourcesBuildPhase;
			buildActionMask = 2147483647;
			files = (
			);
			runOnlyForDeploymentPostprocessing = 0;
		};
		25B3F71B29A4BA1200290FCB /* Resources */ = {
			isa = PBXResourcesBuildPhase;
			buildActionMask = 2147483647;
			files = (
			);
			runOnlyForDeploymentPostprocessing = 0;
		};
/* End PBXResourcesBuildPhase section */

/* Begin PBXSourcesBuildPhase section */
		25B3F6F929A4BA1000290FCB /* Sources */ = {
			isa = PBXSourcesBuildPhase;
			buildActionMask = 2147483647;
			files = (
				25B3F70529A4BA1000290FCB /* ViewController.swift in Sources */,
				25B3F70129A4BA1000290FCB /* AppDelegate.swift in Sources */,
				25B3F70329A4BA1000290FCB /* SceneDelegate.swift in Sources */,
			);
			runOnlyForDeploymentPostprocessing = 0;
		};
		25B3F70F29A4BA1200290FCB /* Sources */ = {
			isa = PBXSourcesBuildPhase;
			buildActionMask = 2147483647;
			files = (
				25B3F71829A4BA1200290FCB /* H_Swift_ProjectTests.swift in Sources */,
			);
			runOnlyForDeploymentPostprocessing = 0;
		};
		25B3F71929A4BA1200290FCB /* Sources */ = {
			isa = PBXSourcesBuildPhase;
			buildActionMask = 2147483647;
			files = (
				25B3F72229A4BA1200290FCB /* H_Swift_ProjectUITests.swift in Sources */,
				25B3F72429A4BA1200290FCB /* H_Swift_ProjectUITestsLaunchTests.swift in Sources */,
			);
			runOnlyForDeploymentPostprocessing = 0;
		};
/* End PBXSourcesBuildPhase section */

/* Begin PBXTargetDependency section */
		25B3F71529A4BA1200290FCB /* PBXTargetDependency */ = {
			isa = PBXTargetDependency;
			target = 25B3F6FC29A4BA1000290FCB /* H_Swift_Project */;
			targetProxy = 25B3F71429A4BA1200290FCB /* PBXContainerItemProxy */;
		};
		25B3F71F29A4BA1200290FCB /* PBXTargetDependency */ = {
			isa = PBXTargetDependency;
			target = 25B3F6FC29A4BA1000290FCB /* H_Swift_Project */;
			targetProxy = 25B3F71E29A4BA1200290FCB /* PBXContainerItemProxy */;
		};
/* End PBXTargetDependency section */

/* Begin PBXVariantGroup section */
		25B3F70629A4BA1000290FCB /* Main.storyboard */ = {
			isa = PBXVariantGroup;
			children = (
				25B3F70729A4BA1000290FCB /* Base */,
			);
			name = Main.storyboard;
			sourceTree = "<group>";
		};
		25B3F70B29A4BA1100290FCB /* LaunchScreen.storyboard */ = {
			isa = PBXVariantGroup;
			children = (
				25B3F70C29A4BA1100290FCB /* Base */,
			);
			name = LaunchScreen.storyboard;
			sourceTree = "<group>";
		};
/* End PBXVariantGroup section */

/* Begin XCBuildConfiguration section */
		25B3F72529A4BA1200290FCB /* Debug */ = {
			isa = XCBuildConfiguration;
			buildSettings = {
				ALWAYS_SEARCH_USER_PATHS = NO;
				CLANG_ANALYZER_NONNULL = YES;
				CLANG_ANALYZER_NUMBER_OBJECT_CONVERSION = YES_AGGRESSIVE;
				CLANG_CXX_LANGUAGE_STANDARD = "gnu++20";
				CLANG_ENABLE_MODULES = YES;
				CLANG_ENABLE_OBJC_ARC = YES;
				CLANG_ENABLE_OBJC_WEAK = YES;
				CLANG_WARN_BLOCK_CAPTURE_AUTORELEASING = YES;
				CLANG_WARN_BOOL_CONVERSION = YES;
				CLANG_WARN_COMMA = YES;
				CLANG_WARN_CONSTANT_CONVERSION = YES;
				CLANG_WARN_DEPRECATED_OBJC_IMPLEMENTATIONS = YES;
				CLANG_WARN_DIRECT_OBJC_ISA_USAGE = YES_ERROR;
				CLANG_WARN_DOCUMENTATION_COMMENTS = YES;
				CLANG_WARN_EMPTY_BODY = YES;
				CLANG_WARN_ENUM_CONVERSION = YES;
				CLANG_WARN_INFINITE_RECURSION = YES;
				CLANG_WARN_INT_CONVERSION = YES;
				CLANG_WARN_NON_LITERAL_NULL_CONVERSION = YES;
				CLANG_WARN_OBJC_IMPLICIT_RETAIN_SELF = YES;
				CLANG_WARN_OBJC_LITERAL_CONVERSION = YES;
				CLANG_WARN_OBJC_ROOT_CLASS = YES_ERROR;
				CLANG_WARN_QUOTED_INCLUDE_IN_FRAMEWORK_HEADER = YES;
				CLANG_WARN_RANGE_LOOP_ANALYSIS = YES;
				CLANG_WARN_STRICT_PROTOTYPES = YES;
				CLANG_WARN_SUSPICIOUS_MOVE = YES;
				CLANG_WARN_UNGUARDED_AVAILABILITY = YES_AGGRESSIVE;
				CLANG_WARN_UNREACHABLE_CODE = YES;
				CLANG_WARN__DUPLICATE_METHOD_MATCH = YES;
				COPY_PHASE_STRIP = NO;
				DEBUG_INFORMATION_FORMAT = dwarf;
				ENABLE_STRICT_OBJC_MSGSEND = YES;
				ENABLE_TESTABILITY = YES;
				GCC_C_LANGUAGE_STANDARD = gnu11;
				GCC_DYNAMIC_NO_PIC = NO;
				GCC_NO_COMMON_BLOCKS = YES;
				GCC_OPTIMIZATION_LEVEL = 0;
				GCC_PREPROCESSOR_DEFINITIONS = (
					"DEBUG=1",
					"$(inherited)",
				);
				GCC_WARN_64_TO_32_BIT_CONVERSION = YES;
				GCC_WARN_ABOUT_RETURN_TYPE = YES_ERROR;
				GCC_WARN_UNDECLARED_SELECTOR = YES;
				GCC_WARN_UNINITIALIZED_AUTOS = YES_AGGRESSIVE;
				GCC_WARN_UNUSED_FUNCTION = YES;
				GCC_WARN_UNUSED_VARIABLE = YES;
				IPHONEOS_DEPLOYMENT_TARGET = 16.1;
				MTL_ENABLE_DEBUG_INFO = INCLUDE_SOURCE;
				MTL_FAST_MATH = YES;
				ONLY_ACTIVE_ARCH = YES;
				SDKROOT = iphoneos;
				SWIFT_ACTIVE_COMPILATION_CONDITIONS = DEBUG;
				SWIFT_OPTIMIZATION_LEVEL = "-Onone";
			};
			name = Debug;
		};
		25B3F72629A4BA1200290FCB /* Release */ = {
			isa = XCBuildConfiguration;
			buildSettings = {
				ALWAYS_SEARCH_USER_PATHS = NO;
				CLANG_ANALYZER_NONNULL = YES;
				CLANG_ANALYZER_NUMBER_OBJECT_CONVERSION = YES_AGGRESSIVE;
				CLANG_CXX_LANGUAGE_STANDARD = "gnu++20";
				CLANG_ENABLE_MODULES = YES;
				CLANG_ENABLE_OBJC_ARC = YES;
				CLANG_ENABLE_OBJC_WEAK = YES;
				CLANG_WARN_BLOCK_CAPTURE_AUTORELEASING = YES;
				CLANG_WARN_BOOL_CONVERSION = YES;
				CLANG_WARN_COMMA = YES;
				CLANG_WARN_CONSTANT_CONVERSION = YES;
				CLANG_WARN_DEPRECATED_OBJC_IMPLEMENTATIONS = YES;
				CLANG_WARN_DIRECT_OBJC_ISA_USAGE = YES_ERROR;
				CLANG_WARN_DOCUMENTATION_COMMENTS = YES;
				CLANG_WARN_EMPTY_BODY = YES;
				CLANG_WARN_ENUM_CONVERSION = YES;
				CLANG_WARN_INFINITE_RECURSION = YES;
				CLANG_WARN_INT_CONVERSION = YES;
				CLANG_WARN_NON_LITERAL_NULL_CONVERSION = YES;
				CLANG_WARN_OBJC_IMPLICIT_RETAIN_SELF = YES;
				CLANG_WARN_OBJC_LITERAL_CONVERSION = YES;
				CLANG_WARN_OBJC_ROOT_CLASS = YES_ERROR;
				CLANG_WARN_QUOTED_INCLUDE_IN_FRAMEWORK_HEADER = YES;
				CLANG_WARN_RANGE_LOOP_ANALYSIS = YES;
				CLANG_WARN_STRICT_PROTOTYPES = YES;
				CLANG_WARN_SUSPICIOUS_MOVE = YES;
				CLANG_WARN_UNGUARDED_AVAILABILITY = YES_AGGRESSIVE;
				CLANG_WARN_UNREACHABLE_CODE = YES;
				CLANG_WARN__DUPLICATE_METHOD_MATCH = YES;
				COPY_PHASE_STRIP = NO;
				DEBUG_INFORMATION_FORMAT = "dwarf-with-dsym";
				ENABLE_NS_ASSERTIONS = NO;
				ENABLE_STRICT_OBJC_MSGSEND = YES;
				GCC_C_LANGUAGE_STANDARD = gnu11;
				GCC_NO_COMMON_BLOCKS = YES;
				GCC_WARN_64_TO_32_BIT_CONVERSION = YES;
				GCC_WARN_ABOUT_RETURN_TYPE = YES_ERROR;
				GCC_WARN_UNDECLARED_SELECTOR = YES;
				GCC_WARN_UNINITIALIZED_AUTOS = YES_AGGRESSIVE;
				GCC_WARN_UNUSED_FUNCTION = YES;
				GCC_WARN_UNUSED_VARIABLE = YES;
				IPHONEOS_DEPLOYMENT_TARGET = 16.1;
				MTL_ENABLE_DEBUG_INFO = NO;
				MTL_FAST_MATH = YES;
				SDKROOT = iphoneos;
				SWIFT_COMPILATION_MODE = wholemodule;
				SWIFT_OPTIMIZATION_LEVEL = "-O";
				VALIDATE_PRODUCT = YES;
			};
			name = Release;
		};
		25B3F72829A4BA1200290FCB /* Debug */ = {
			isa = XCBuildConfiguration;
			buildSettings = {
				ASSETCATALOG_COMPILER_APPICON_NAME = AppIcon;
				ASSETCATALOG_COMPILER_GLOBAL_ACCENT_COLOR_NAME = AccentColor;
				CODE_SIGN_STYLE = Automatic;
				CURRENT_PROJECT_VERSION = 1;
				DEVELOPMENT_TEAM = QBBWF9WS27;
				GENERATE_INFOPLIST_FILE = YES;
				INFOPLIST_FILE = H_Swift_Project/Info.plist;
				INFOPLIST_KEY_UIApplicationSupportsIndirectInputEvents = YES;
				INFOPLIST_KEY_UILaunchStoryboardName = LaunchScreen;
				INFOPLIST_KEY_UIMainStoryboardFile = Main;
				INFOPLIST_KEY_UISupportedInterfaceOrientations_iPad = "UIInterfaceOrientationPortrait UIInterfaceOrientationPortraitUpsideDown UIInterfaceOrientationLandscapeLeft UIInterfaceOrientationLandscapeRight";
				INFOPLIST_KEY_UISupportedInterfaceOrientations_iPhone = "UIInterfaceOrientationPortrait UIInterfaceOrientationLandscapeLeft UIInterfaceOrientationLandscapeRight";
				LD_RUNPATH_SEARCH_PATHS = (
					"$(inherited)",
					"@executable_path/Frameworks",
				);
				MARKETING_VERSION = 1.0;
				PRODUCT_BUNDLE_IDENTIFIER = "com.maichi.project.H-Swift-Project";
				PRODUCT_NAME = "$(TARGET_NAME)";
				SWIFT_EMIT_LOC_STRINGS = YES;
				SWIFT_VERSION = 5.0;
				TARGETED_DEVICE_FAMILY = "1,2";
			};
			name = Debug;
		};
		25B3F72929A4BA1200290FCB /* Release */ = {
			isa = XCBuildConfiguration;
			buildSettings = {
				ASSETCATALOG_COMPILER_APPICON_NAME = AppIcon;
				ASSETCATALOG_COMPILER_GLOBAL_ACCENT_COLOR_NAME = AccentColor;
				CODE_SIGN_STYLE = Automatic;
				CURRENT_PROJECT_VERSION = 1;
				DEVELOPMENT_TEAM = QBBWF9WS27;
				GENERATE_INFOPLIST_FILE = YES;
				INFOPLIST_FILE = H_Swift_Project/Info.plist;
				INFOPLIST_KEY_UIApplicationSupportsIndirectInputEvents = YES;
				INFOPLIST_KEY_UILaunchStoryboardName = LaunchScreen;
				INFOPLIST_KEY_UIMainStoryboardFile = Main;
				INFOPLIST_KEY_UISupportedInterfaceOrientations_iPad = "UIInterfaceOrientationPortrait UIInterfaceOrientationPortraitUpsideDown UIInterfaceOrientationLandscapeLeft UIInterfaceOrientationLandscapeRight";
				INFOPLIST_KEY_UISupportedInterfaceOrientations_iPhone = "UIInterfaceOrientationPortrait UIInterfaceOrientationLandscapeLeft UIInterfaceOrientationLandscapeRight";
				LD_RUNPATH_SEARCH_PATHS = (
					"$(inherited)",
					"@executable_path/Frameworks",
				);
				MARKETING_VERSION = 1.0;
				PRODUCT_BUNDLE_IDENTIFIER = "com.maichi.project.H-Swift-Project";
				PRODUCT_NAME = "$(TARGET_NAME)";
				SWIFT_EMIT_LOC_STRINGS = YES;
				SWIFT_VERSION = 5.0;
				TARGETED_DEVICE_FAMILY = "1,2";
			};
			name = Release;
		};
		25B3F72B29A4BA1200290FCB /* Debug */ = {
			isa = XCBuildConfiguration;
			buildSettings = {
				ALWAYS_EMBED_SWIFT_STANDARD_LIBRARIES = YES;
				BUNDLE_LOADER = "$(TEST_HOST)";
				CODE_SIGN_STYLE = Automatic;
				CURRENT_PROJECT_VERSION = 1;
				DEVELOPMENT_TEAM = QBBWF9WS27;
				GENERATE_INFOPLIST_FILE = YES;
				IPHONEOS_DEPLOYMENT_TARGET = 16.1;
				MARKETING_VERSION = 1.0;
				PRODUCT_BUNDLE_IDENTIFIER = "com.maichi.project.H-Swift-ProjectTests";
				PRODUCT_NAME = "$(TARGET_NAME)";
				SWIFT_EMIT_LOC_STRINGS = NO;
				SWIFT_VERSION = 5.0;
				TARGETED_DEVICE_FAMILY = "1,2";
				TEST_HOST = "$(BUILT_PRODUCTS_DIR)/H_Swift_Project.app/$(BUNDLE_EXECUTABLE_FOLDER_PATH)/H_Swift_Project";
			};
			name = Debug;
		};
		25B3F72C29A4BA1200290FCB /* Release */ = {
			isa = XCBuildConfiguration;
			buildSettings = {
				ALWAYS_EMBED_SWIFT_STANDARD_LIBRARIES = YES;
				BUNDLE_LOADER = "$(TEST_HOST)";
				CODE_SIGN_STYLE = Automatic;
				CURRENT_PROJECT_VERSION = 1;
				DEVELOPMENT_TEAM = QBBWF9WS27;
				GENERATE_INFOPLIST_FILE = YES;
				IPHONEOS_DEPLOYMENT_TARGET = 16.1;
				MARKETING_VERSION = 1.0;
				PRODUCT_BUNDLE_IDENTIFIER = "com.maichi.project.H-Swift-ProjectTests";
				PRODUCT_NAME = "$(TARGET_NAME)";
				SWIFT_EMIT_LOC_STRINGS = NO;
				SWIFT_VERSION = 5.0;
				TARGETED_DEVICE_FAMILY = "1,2";
				TEST_HOST = "$(BUILT_PRODUCTS_DIR)/H_Swift_Project.app/$(BUNDLE_EXECUTABLE_FOLDER_PATH)/H_Swift_Project";
			};
			name = Release;
		};
		25B3F72E29A4BA1200290FCB /* Debug */ = {
			isa = XCBuildConfiguration;
			buildSettings = {
				ALWAYS_EMBED_SWIFT_STANDARD_LIBRARIES = YES;
				CODE_SIGN_STYLE = Automatic;
				CURRENT_PROJECT_VERSION = 1;
				DEVELOPMENT_TEAM = QBBWF9WS27;
				GENERATE_INFOPLIST_FILE = YES;
				MARKETING_VERSION = 1.0;
				PRODUCT_BUNDLE_IDENTIFIER = "com.maichi.project.H-Swift-ProjectUITests";
				PRODUCT_NAME = "$(TARGET_NAME)";
				SWIFT_EMIT_LOC_STRINGS = NO;
				SWIFT_VERSION = 5.0;
				TARGETED_DEVICE_FAMILY = "1,2";
				TEST_TARGET_NAME = H_Swift_Project;
			};
			name = Debug;
		};
		25B3F72F29A4BA1200290FCB /* Release */ = {
			isa = XCBuildConfiguration;
			buildSettings = {
				ALWAYS_EMBED_SWIFT_STANDARD_LIBRARIES = YES;
				CODE_SIGN_STYLE = Automatic;
				CURRENT_PROJECT_VERSION = 1;
				DEVELOPMENT_TEAM = QBBWF9WS27;
				GENERATE_INFOPLIST_FILE = YES;
				MARKETING_VERSION = 1.0;
				PRODUCT_BUNDLE_IDENTIFIER = "com.maichi.project.H-Swift-ProjectUITests";
				PRODUCT_NAME = "$(TARGET_NAME)";
				SWIFT_EMIT_LOC_STRINGS = NO;
				SWIFT_VERSION = 5.0;
				TARGETED_DEVICE_FAMILY = "1,2";
				TEST_TARGET_NAME = H_Swift_Project;
			};
			name = Release;
		};
/* End XCBuildConfiguration section */

/* Begin XCConfigurationList section */
		25B3F6F829A4BA1000290FCB /* Build configuration list for PBXProject "H_Swift_Project" */ = {
			isa = XCConfigurationList;
			buildConfigurations = (
				25B3F72529A4BA1200290FCB /* Debug */,
				25B3F72629A4BA1200290FCB /* Release */,
			);
			defaultConfigurationIsVisible = 0;
			defaultConfigurationName = Release;
		};
		25B3F72729A4BA1200290FCB /* Build configuration list for PBXNativeTarget "H_Swift_Project" */ = {
			isa = XCConfigurationList;
			buildConfigurations = (
				25B3F72829A4BA1200290FCB /* Debug */,
				25B3F72929A4BA1200290FCB /* Release */,
			);
			defaultConfigurationIsVisible = 0;
			defaultConfigurationName = Release;
		};
		25B3F72A29A4BA1200290FCB /* Build configuration list for PBXNativeTarget "H_Swift_ProjectTests" */ = {
			isa = XCConfigurationList;
			buildConfigurations = (
				25B3F72B29A4BA1200290FCB /* Debug */,
				25B3F72C29A4BA1200290FCB /* Release */,
			);
			defaultConfigurationIsVisible = 0;
			defaultConfigurationName = Release;
		};
		25B3F72D29A4BA1200290FCB /* Build configuration list for PBXNativeTarget "H_Swift_ProjectUITests" */ = {
			isa = XCConfigurationList;
			buildConfigurations = (
				25B3F72E29A4BA1200290FCB /* Debug */,
				25B3F72F29A4BA1200290FCB /* Release */,
			);
			defaultConfigurationIsVisible = 0;
			defaultConfigurationName = Release;
		};
/* End XCConfigurationList section */
	};
	rootObject = 25B3F6F529A4BA1000290FCB /* Project object */;
}
